
Microsoft Visual Studio Solution File, Format Version 12.00
# Visual Studio Version 16
VisualStudioVersion = 16.0.31402.337
MinimumVisualStudioVersion = 10.0.40219.1
Project("{9A19103F-16F7-4668-BE54-9A1E7A4F7556}") = "IO Files And Directories", "IO Files And Directories\IO Files And Directories.csproj", "{EC032ED4-7DFC-4D3B-944C-8C8A32555FD5}"
EndProject
Global
	GlobalSection(SolutionConfigurationPlatforms) = preSolution
		Debug|Any CPU = Debug|Any CPU
		Release|Any CPU = Release|Any CPU
	EndGlobalSection
	GlobalSection(ProjectConfigurationPlatforms) = postSolution
		{EC032ED4-7DFC-4D3B-944C-8C8A32555FD5}.Debug|Any CPU.ActiveCfg = Debug|Any CPU
		{EC032ED4-7DFC-4D3B-944C-8C8A32555FD5}.Debug|Any CPU.Build.0 = Debug|Any CPU
		{EC032ED4-7DFC-4D3B-944C-8C8A32555FD5}.Release|Any CPU.ActiveCfg = Release|Any CPU
		{EC032ED4-7DFC-4D3B-944C-8C8A32555FD5}.Release|Any CPU.Build.0 = Release|Any CPU
	EndGlobalSection
	GlobalSection(SolutionProperties) = preSolution
		HideSolutionNode = FALSE
	EndGlobalSection
	GlobalSection(ExtensibilityGlobals) = postSolution
		SolutionGuid = {3375363B-3E99-4765-BDF6-9524CF5F39BF}
	EndGlobalSection
EndGlobal
