
Microsoft Visual Studio Solution File, Format Version 12.00
# Visual Studio Version 16
VisualStudioVersion = 16.0.31402.337
MinimumVisualStudioVersion = 10.0.40219.1
Project("{FAE04EC0-301F-11D3-BF4B-00C04F79EFBC}") = "Lists", "Lists\Lists.csproj", "{DFBD1987-6947-4BEB-86DF-6EFD47DF7254}"
EndProject
Global
	GlobalSection(SolutionConfigurationPlatforms) = preSolution
		Debug|Any CPU = Debug|Any CPU
		Release|Any CPU = Release|Any CPU
	EndGlobalSection
	GlobalSection(ProjectConfigurationPlatforms) = postSolution
		{DFBD1987-6947-4BEB-86DF-6EFD47DF7254}.Debug|Any CPU.ActiveCfg = Debug|Any CPU
		{DFBD1987-6947-4BEB-86DF-6EFD47DF7254}.Debug|Any CPU.Build.0 = Debug|Any CPU
		{DFBD1987-6947-4BEB-86DF-6EFD47DF7254}.Release|Any CPU.ActiveCfg = Release|Any CPU
		{DFBD1987-6947-4BEB-86DF-6EFD47DF7254}.Release|Any CPU.Build.0 = Release|Any CPU
	EndGlobalSection
	GlobalSection(SolutionProperties) = preSolution
		HideSolutionNode = FALSE
	EndGlobalSection
	GlobalSection(ExtensibilityGlobals) = postSolution
		SolutionGuid = {2DE29BA4-4916-4D7B-8928-F908C1346B04}
	EndGlobalSection
EndGlobal
