
Microsoft Visual Studio Solution File, Format Version 12.00
# Visual Studio Version 16
VisualStudioVersion = 16.0.31402.337
MinimumVisualStudioVersion = 10.0.40219.1
Project("{9A19103F-16F7-4668-BE54-9A1E7A4F7556}") = "Design Patterns", "Design Patterns\Design Patterns.csproj", "{92275AB0-D5D9-433A-B772-CCDE6A268FA6}"
EndProject
Project("{FAE04EC0-301F-11D3-BF4B-00C04F79EFBC}") = "Proxy2", "Proxy2\Proxy2.csproj", "{A325C814-5F41-4A38-B9F4-6870B89E32EA}"
EndProject
Global
	GlobalSection(SolutionConfigurationPlatforms) = preSolution
		Debug|Any CPU = Debug|Any CPU
		Release|Any CPU = Release|Any CPU
	EndGlobalSection
	GlobalSection(ProjectConfigurationPlatforms) = postSolution
		{92275AB0-D5D9-433A-B772-CCDE6A268FA6}.Debug|Any CPU.ActiveCfg = Debug|Any CPU
		{92275AB0-D5D9-433A-B772-CCDE6A268FA6}.Debug|Any CPU.Build.0 = Debug|Any CPU
		{92275AB0-D5D9-433A-B772-CCDE6A268FA6}.Release|Any CPU.ActiveCfg = Release|Any CPU
		{92275AB0-D5D9-433A-B772-CCDE6A268FA6}.Release|Any CPU.Build.0 = Release|Any CPU
		{A325C814-5F41-4A38-B9F4-6870B89E32EA}.Debug|Any CPU.ActiveCfg = Debug|Any CPU
		{A325C814-5F41-4A38-B9F4-6870B89E32EA}.Debug|Any CPU.Build.0 = Debug|Any CPU
		{A325C814-5F41-4A38-B9F4-6870B89E32EA}.Release|Any CPU.ActiveCfg = Release|Any CPU
		{A325C814-5F41-4A38-B9F4-6870B89E32EA}.Release|Any CPU.Build.0 = Release|Any CPU
	EndGlobalSection
	GlobalSection(SolutionProperties) = preSolution
		HideSolutionNode = FALSE
	EndGlobalSection
	GlobalSection(ExtensibilityGlobals) = postSolution
		SolutionGuid = {19F5A977-25FE-4426-A9CB-C486CC41EA52}
	EndGlobalSection
EndGlobal
